
Microsoft Visual Studio Solution File, Format Version 12.00
# Visual Studio 15
VisualStudioVersion = 15.0.27703.2042
MinimumVisualStudioVersion = 10.0.40219.1
Project("{FAE04EC0-301F-11D3-BF4B-00C04F79EFBC}") = "WebSocketServer", "WebSocketServer\WebSocketServer.csproj", "{CCD88672-4AA6-41C5-84F6-C135DBFB5B63}"
EndProject
Global
	GlobalSection(SolutionConfigurationPlatforms) = preSolution
		Debug|Any CPU = Debug|Any CPU
		Release|Any CPU = Release|Any CPU
	EndGlobalSection
	GlobalSection(ProjectConfigurationPlatforms) = postSolution
		{CCD88672-4AA6-41C5-84F6-C135DBFB5B63}.Debug|Any CPU.ActiveCfg = Debug|Any CPU
		{CCD88672-4AA6-41C5-84F6-C135DBFB5B63}.Debug|Any CPU.Build.0 = Debug|Any CPU
		{CCD88672-4AA6-41C5-84F6-C135DBFB5B63}.Release|Any CPU.ActiveCfg = Release|Any CPU
		{CCD88672-4AA6-41C5-84F6-C135DBFB5B63}.Release|Any CPU.Build.0 = Release|Any CPU
	EndGlobalSection
	GlobalSection(SolutionProperties) = preSolution
		HideSolutionNode = FALSE
	EndGlobalSection
	GlobalSection(ExtensibilityGlobals) = postSolution
		SolutionGuid = {28EE1E74-E731-4845-BD9C-ABDE68C6984E}
	EndGlobalSection
EndGlobal
